
Microsoft Visual Studio Solution File, Format Version 12.00
# Visual Studio Version 16
VisualStudioVersion = 16.0.32413.511
MinimumVisualStudioVersion = 10.0.40219.1
Project("{FAE04EC0-301F-11D3-BF4B-00C04F79EFBC}") = "Grados_Tarea2022", "Grados_Tarea2022\Grados_Tarea2022.csproj", "{EB8F087E-2348-4E9A-BECD-2D07C6901CE8}"
EndProject
Global
	GlobalSection(SolutionConfigurationPlatforms) = preSolution
		Debug|Any CPU = Debug|Any CPU
		Release|Any CPU = Release|Any CPU
	EndGlobalSection
	GlobalSection(ProjectConfigurationPlatforms) = postSolution
		{EB8F087E-2348-4E9A-BECD-2D07C6901CE8}.Debug|Any CPU.ActiveCfg = Debug|Any CPU
		{EB8F087E-2348-4E9A-BECD-2D07C6901CE8}.Debug|Any CPU.Build.0 = Debug|Any CPU
		{EB8F087E-2348-4E9A-BECD-2D07C6901CE8}.Release|Any CPU.ActiveCfg = Release|Any CPU
		{EB8F087E-2348-4E9A-BECD-2D07C6901CE8}.Release|Any CPU.Build.0 = Release|Any CPU
	EndGlobalSection
	GlobalSection(SolutionProperties) = preSolution
		HideSolutionNode = FALSE
	EndGlobalSection
	GlobalSection(ExtensibilityGlobals) = postSolution
		SolutionGuid = {8E061AA2-FEAF-4DA4-A577-FDC9AE2C2C97}
	EndGlobalSection
EndGlobal
